
Microsoft Visual Studio Solution File, Format Version 12.00
# Visual Studio Version 17
VisualStudioVersion = 17.13.35913.81 d17.13
MinimumVisualStudioVersion = 10.0.40219.1
Project("{8BC9CEB8-8B4A-11D0-8D11-00A0C91BC942}") = "0416", "0416\0416.vcxproj", "{D01F0181-FFDB-423D-90A6-8F8A09BF1303}"
EndProject
Global
	GlobalSection(SolutionConfigurationPlatforms) = preSolution
		Debug|x64 = Debug|x64
		Debug|x86 = Debug|x86
		Release|x64 = Release|x64
		Release|x86 = Release|x86
	EndGlobalSection
	GlobalSection(ProjectConfigurationPlatforms) = postSolution
		{D01F0181-FFDB-423D-90A6-8F8A09BF1303}.Debug|x64.ActiveCfg = Debug|x64
		{D01F0181-FFDB-423D-90A6-8F8A09BF1303}.Debug|x64.Build.0 = Debug|x64
		{D01F0181-FFDB-423D-90A6-8F8A09BF1303}.Debug|x86.ActiveCfg = Debug|Win32
		{D01F0181-FFDB-423D-90A6-8F8A09BF1303}.Debug|x86.Build.0 = Debug|Win32
		{D01F0181-FFDB-423D-90A6-8F8A09BF1303}.Release|x64.ActiveCfg = Release|x64
		{D01F0181-FFDB-423D-90A6-8F8A09BF1303}.Release|x64.Build.0 = Release|x64
		{D01F0181-FFDB-423D-90A6-8F8A09BF1303}.Release|x86.ActiveCfg = Release|Win32
		{D01F0181-FFDB-423D-90A6-8F8A09BF1303}.Release|x86.Build.0 = Release|Win32
	EndGlobalSection
	GlobalSection(SolutionProperties) = preSolution
		HideSolutionNode = FALSE
	EndGlobalSection
	GlobalSection(ExtensibilityGlobals) = postSolution
		SolutionGuid = {B7D0AA12-4F42-4591-B1D0-0602C39CD26A}
	EndGlobalSection
EndGlobal
